github.com/mariomac/analizador v1.0.0 h1:wKvvzC6PMzdR12+o/jXpWDNoeVD5ClTeRRqpENGa6Bs=
github.com/mariomac/analizador v1.0.0/go.mod h1:Mh1Y0qzJcud69uY77Mldl1oI67B8tEYBsjeD7jZJFdI=
github.com/mariomac/sumadormapa v1.0.0 h1:gzHHYLTjbDrOfluNRjAKlaxdXWmvfXR3LpLq5aUFjCI=
github.com/mariomac/sumadormapa v1.0.0/go.mod h1:UVW2GwjdubkTDbD5w3lj2sMCh9I5h9jzHR6p56lM8uk=
